# THIS IS AN AUTOGENERATED FILE. DO NOT EDIT THIS FILE DIRECTLY.
# yarn lockfile v1


"@monaco-editor/loader@^1.5.0":
  version "1.5.0"
  resolved "https://registry.yarnpkg.com/@monaco-editor/loader/-/loader-1.5.0.tgz#dcdbc7fe7e905690fb449bed1c251769f325c55d"
  integrity sha512-hKoGSM+7aAc7eRTRjpqAZucPmoNOC4UUbknb/VNoTkEIkCPhqV8LfbsgM1webRM7S/z21eHEx9Fkwx8Z/C/+Xw==
  dependencies:
    state-local "^1.0.6"

"@monaco-editor/react@^4.7.0":
  version "4.7.0"
  resolved "https://registry.yarnpkg.com/@monaco-editor/react/-/react-4.7.0.tgz#35a1ec01bfe729f38bfc025df7b7bac145602a60"
  integrity sha512-cyzXQCtO47ydzxpQtCGSQGOC8Gk3ZUeBXFAxD+CWXYFo5OqZyZUonFl0DwUlTyAfRHntBfw2p3w4s9R6oe1eCA==
  dependencies:
    "@monaco-editor/loader" "^1.5.0"

state-local@^1.0.6:
  version "1.0.7"
  resolved "https://registry.yarnpkg.com/state-local/-/state-local-1.0.7.tgz#da50211d07f05748d53009bee46307a37db386d5"
  integrity sha512-HTEHMNieakEnoe33shBYcZ7NX83ACUjCu8c40iOGEZsngj9zRnkqS9j1pqQPXwobB0ZcVTk27REb7COQ0UR59w==
